// !$*UTF8*$!
{
	archiveVersion = 1;
	classes = {
	};
	objectVersion = 51;
	objects = {

/* Begin PBXBuildFile section */
		07B262C423237D2B0093A6C7 /* AppDelegate.swift in Sources */ = {isa = PBXBuildFile; fileRef = 07B262C323237D2B0093A6C7 /* AppDelegate.swift */; };
		07B262C623237D2D0093A6C7 /* Assets.xcassets in Resources */ = {isa = PBXBuildFile; fileRef = 07B262C523237D2C0093A6C7 /* Assets.xcassets */; };
		07B262C923237D2D0093A6C7 /* MainMenu.xib in Resources */ = {isa = PBXBuildFile; fileRef = 07B262C723237D2D0093A6C7 /* MainMenu.xib */; };
		07B262D223237E440093A6C7 /* MainViewController.swift in Sources */ = {isa = PBXBuildFile; fileRef = 07B262D123237E440093A6C7 /* MainViewController.swift */; };
		07B262D4232386E20093A6C7 /* Then.swift in Sources */ = {isa = PBXBuildFile; fileRef = 07B262D3232386E20093A6C7 /* Then.swift */; };
		7674307A20BA23493A6B7BD1 /* Pods_chapter1.framework in Frameworks */ = {isa = PBXBuildFile; fileRef = 52D05F64AB5A230338348A75 /* Pods_chapter1.framework */; };
/* End PBXBuildFile section */

/* Begin PBXFileReference section */
		07B262C023237D2B0093A6C7 /* chapter1.app */ = {isa = PBXFileReference; explicitFileType = wrapper.application; includeInIndex = 0; path = chapter1.app; sourceTree = BUILT_PRODUCTS_DIR; };
		07B262C323237D2B0093A6C7 /* AppDelegate.swift */ = {isa = PBXFileReference; lastKnownFileType = sourcecode.swift; path = AppDelegate.swift; sourceTree = "<group>"; };
		07B262C523237D2C0093A6C7 /* Assets.xcassets */ = {isa = PBXFileReference; lastKnownFileType = folder.assetcatalog; path = Assets.xcassets; sourceTree = "<group>"; };
		07B262C823237D2D0093A6C7 /* Base */ = {isa = PBXFileReference; lastKnownFileType = file.xib; name = Base; path = Base.lproj/MainMenu.xib; sourceTree = "<group>"; };
		07B262CA23237D2D0093A6C7 /* Info.plist */ = {isa = PBXFileReference; lastKnownFileType = text.plist.xml; path = Info.plist; sourceTree = "<group>"; };
		07B262CB23237D2D0093A6C7 /* chapter1.entitlements */ = {isa = PBXFileReference; lastKnownFileType = text.plist.entitlements; path = chapter1.entitlements; sourceTree = "<group>"; };
		07B262D123237E440093A6C7 /* MainViewController.swift */ = {isa = PBXFileReference; lastKnownFileType = sourcecode.swift; path = MainViewController.swift; sourceTree = "<group>"; };
		07B262D3232386E20093A6C7 /* Then.swift */ = {isa = PBXFileReference; lastKnownFileType = sourcecode.swift; path = Then.swift; sourceTree = "<group>"; };
		52D05F64AB5A230338348A75 /* Pods_chapter1.framework */ = {isa = PBXFileReference; explicitFileType = wrapper.framework; includeInIndex = 0; path = Pods_chapter1.framework; sourceTree = BUILT_PRODUCTS_DIR; };
		8C1E6D1F152F17E10829A89A /* Pods-chapter1.debug.xcconfig */ = {isa = PBXFileReference; includeInIndex = 1; lastKnownFileType = text.xcconfig; name = "Pods-chapter1.debug.xcconfig"; path = "Target Support Files/Pods-chapter1/Pods-chapter1.debug.xcconfig"; sourceTree = "<group>"; };
		ECC655AF76B0ED0756ADBA41 /* Pods-chapter1.release.xcconfig */ = {isa = PBXFileReference; includeInIndex = 1; lastKnownFileType = text.xcconfig; name = "Pods-chapter1.release.xcconfig"; path = "Target Support Files/Pods-chapter1/Pods-chapter1.release.xcconfig"; sourceTree = "<group>"; };
/* End PBXFileReference section */

/* Begin PBXFrameworksBuildPhase section */
		07B262BD23237D2B0093A6C7 /* Frameworks */ = {
			isa = PBXFrameworksBuildPhase;
			buildActionMask = 2147483647;
			files = (
				7674307A20BA23493A6B7BD1 /* Pods_chapter1.framework in Frameworks */,
			);
			runOnlyForDeploymentPostprocessing = 0;
		};
/* End PBXFrameworksBuildPhase section */

/* Begin PBXGroup section */
		07B262B723237D2B0093A6C7 = {
			isa = PBXGroup;
			children = (
				07B262C223237D2B0093A6C7 /* chapter1 */,
				07B262C123237D2B0093A6C7 /* Products */,
				167A66EFBBC1FFCE3DD5E02D /* Pods */,
				283DFB29CF0D6AD857384C7D /* Frameworks */,
			);
			sourceTree = "<group>";
		};
		07B262C123237D2B0093A6C7 /* Products */ = {
			isa = PBXGroup;
			children = (
				07B262C023237D2B0093A6C7 /* chapter1.app */,
			);
			name = Products;
			sourceTree = "<group>";
		};
		07B262C223237D2B0093A6C7 /* chapter1 */ = {
			isa = PBXGroup;
			children = (
				07B262C323237D2B0093A6C7 /* AppDelegate.swift */,
				07B262D123237E440093A6C7 /* MainViewController.swift */,
				07B262D3232386E20093A6C7 /* Then.swift */,
				07B262C523237D2C0093A6C7 /* Assets.xcassets */,
				07B262C723237D2D0093A6C7 /* MainMenu.xib */,
				07B262CA23237D2D0093A6C7 /* Info.plist */,
				07B262CB23237D2D0093A6C7 /* chapter1.entitlements */,
			);
			path = chapter1;
			sourceTree = "<group>";
		};
		167A66EFBBC1FFCE3DD5E02D /* Pods */ = {
			isa = PBXGroup;
			children = (
				8C1E6D1F152F17E10829A89A /* Pods-chapter1.debug.xcconfig */,
				ECC655AF76B0ED0756ADBA41 /* Pods-chapter1.release.xcconfig */,
			);
			path = Pods;
			sourceTree = "<group>";
		};
		283DFB29CF0D6AD857384C7D /* Frameworks */ = {
			isa = PBXGroup;
			children = (
				52D05F64AB5A230338348A75 /* Pods_chapter1.framework */,
			);
			name = Frameworks;
			sourceTree = "<group>";
		};
/* End PBXGroup section */

/* Begin PBXNativeTarget section */
		07B262BF23237D2B0093A6C7 /* chapter1 */ = {
			isa = PBXNativeTarget;
			buildConfigurationList = 07B262CE23237D2D0093A6C7 /* Build configuration list for PBXNativeTarget "chapter1" */;
			buildPhases = (
				D46D1885EFCAD9372F3DDF8B /* [CP] Check Pods Manifest.lock */,
				07B262BC23237D2B0093A6C7 /* Sources */,
				07B262BD23237D2B0093A6C7 /* Frameworks */,
				07B262BE23237D2B0093A6C7 /* Resources */,
				B7107C9B634E3E7000348BFA /* [CP] Embed Pods Frameworks */,
			);
			buildRules = (
			);
			dependencies = (
			);
			name = chapter1;
			productName = chapter1;
			productReference = 07B262C023237D2B0093A6C7 /* chapter1.app */;
			productType = "com.apple.product-type.application";
		};
/* End PBXNativeTarget section */

/* Begin PBXProject section */
		07B262B823237D2B0093A6C7 /* Project object */ = {
			isa = PBXProject;
			attributes = {
				LastSwiftUpdateCheck = 1030;
				LastUpgradeCheck = 1100;
				ORGANIZATIONNAME = "monk-studio";
				TargetAttributes = {
					07B262BF23237D2B0093A6C7 = {
						CreatedOnToolsVersion = 10.3;
					};
				};
			};
			buildConfigurationList = 07B262BB23237D2B0093A6C7 /* Build configuration list for PBXProject "chapter1" */;
			compatibilityVersion = "Xcode 9.3";
			developmentRegion = en;
			hasScannedForEncodings = 0;
			knownRegions = (
				en,
				Base,
			);
			mainGroup = 07B262B723237D2B0093A6C7;
			productRefGroup = 07B262C123237D2B0093A6C7 /* Products */;
			projectDirPath = "";
			projectRoot = "";
			targets = (
				07B262BF23237D2B0093A6C7 /* chapter1 */,
			);
		};
/* End PBXProject section */

/* Begin PBXResourcesBuildPhase section */
		07B262BE23237D2B0093A6C7 /* Resources */ = {
			isa = PBXResourcesBuildPhase;
			buildActionMask = 2147483647;
			files = (
				07B262C623237D2D0093A6C7 /* Assets.xcassets in Resources */,
				07B262C923237D2D0093A6C7 /* MainMenu.xib in Resources */,
			);
			runOnlyForDeploymentPostprocessing = 0;
		};
/* End PBXResourcesBuildPhase section */

/* Begin PBXShellScriptBuildPhase section */
		B7107C9B634E3E7000348BFA /* [CP] Embed Pods Frameworks */ = {
			isa = PBXShellScriptBuildPhase;
			buildActionMask = 2147483647;
			files = (
			);
			inputFileListPaths = (
				"${PODS_ROOT}/Target Support Files/Pods-chapter1/Pods-chapter1-frameworks-${CONFIGURATION}-input-files.xcfilelist",
			);
			name = "[CP] Embed Pods Frameworks";
			outputFileListPaths = (
				"${PODS_ROOT}/Target Support Files/Pods-chapter1/Pods-chapter1-frameworks-${CONFIGURATION}-output-files.xcfilelist",
			);
			runOnlyForDeploymentPostprocessing = 0;
			shellPath = /bin/sh;
			shellScript = "\"${PODS_ROOT}/Target Support Files/Pods-chapter1/Pods-chapter1-frameworks.sh\"\n";
			showEnvVarsInLog = 0;
		};
		D46D1885EFCAD9372F3DDF8B /* [CP] Check Pods Manifest.lock */ = {
			isa = PBXShellScriptBuildPhase;
			buildActionMask = 2147483647;
			files = (
			);
			inputFileListPaths = (
			);
			inputPaths = (
				"${PODS_PODFILE_DIR_PATH}/Podfile.lock",
				"${PODS_ROOT}/Manifest.lock",
			);
			name = "[CP] Check Pods Manifest.lock";
			outputFileListPaths = (
			);
			outputPaths = (
				"$(DERIVED_FILE_DIR)/Pods-chapter1-checkManifestLockResult.txt",
			);
			runOnlyForDeploymentPostprocessing = 0;
			shellPath = /bin/sh;
			shellScript = "diff \"${PODS_PODFILE_DIR_PATH}/Podfile.lock\" \"${PODS_ROOT}/Manifest.lock\" > /dev/null\nif [ $? != 0 ] ; then\n    # print error to STDERR\n    echo \"error: The sandbox is not in sync with the Podfile.lock. Run 'pod install' or update your CocoaPods installation.\" >&2\n    exit 1\nfi\n# This output is used by Xcode 'outputs' to avoid re-running this script phase.\necho \"SUCCESS\" > \"${SCRIPT_OUTPUT_FILE_0}\"\n";
			showEnvVarsInLog = 0;
		};
/* End PBXShellScriptBuildPhase section */

/* Begin PBXSourcesBuildPhase section */
		07B262BC23237D2B0093A6C7 /* Sources */ = {
			isa = PBXSourcesBuildPhase;
			buildActionMask = 2147483647;
			files = (
				07B262C423237D2B0093A6C7 /* AppDelegate.swift in Sources */,
				07B262D4232386E20093A6C7 /* Then.swift in Sources */,
				07B262D223237E440093A6C7 /* MainViewController.swift in Sources */,
			);
			runOnlyForDeploymentPostprocessing = 0;
		};
/* End PBXSourcesBuildPhase section */

/* Begin PBXVariantGroup section */
		07B262C723237D2D0093A6C7 /* MainMenu.xib */ = {
			isa = PBXVariantGroup;
			children = (
				07B262C823237D2D0093A6C7 /* Base */,
			);
			name = MainMenu.xib;
			sourceTree = "<group>";
		};
/* End PBXVariantGroup section */

/* Begin XCBuildConfiguration section */
		07B262CC23237D2D0093A6C7 /* Debug */ = {
			isa = XCBuildConfiguration;
			buildSettings = {
				ALWAYS_SEARCH_USER_PATHS = NO;
				CLANG_ANALYZER_NONNULL = YES;
				CLANG_ANALYZER_NUMBER_OBJECT_CONVERSION = YES_AGGRESSIVE;
				CLANG_CXX_LANGUAGE_STANDARD = "gnu++14";
				CLANG_CXX_LIBRARY = "libc++";
				CLANG_ENABLE_MODULES = YES;
				CLANG_ENABLE_OBJC_ARC = YES;
				CLANG_ENABLE_OBJC_WEAK = YES;
				CLANG_WARN_BLOCK_CAPTURE_AUTORELEASING = YES;
				CLANG_WARN_BOOL_CONVERSION = YES;
				CLANG_WARN_COMMA = YES;
				CLANG_WARN_CONSTANT_CONVERSION = YES;
				CLANG_WARN_DEPRECATED_OBJC_IMPLEMENTATIONS = YES;
				CLANG_WARN_DIRECT_OBJC_ISA_USAGE = YES_ERROR;
				CLANG_WARN_DOCUMENTATION_COMMENTS = YES;
				CLANG_WARN_EMPTY_BODY = YES;
				CLANG_WARN_ENUM_CONVERSION = YES;
				CLANG_WARN_INFINITE_RECURSION = YES;
				CLANG_WARN_INT_CONVERSION = YES;
				CLANG_WARN_NON_LITERAL_NULL_CONVERSION = YES;
				CLANG_WARN_OBJC_IMPLICIT_RETAIN_SELF = YES;
				CLANG_WARN_OBJC_LITERAL_CONVERSION = YES;
				CLANG_WARN_OBJC_ROOT_CLASS = YES_ERROR;
				CLANG_WARN_RANGE_LOOP_ANALYSIS = YES;
				CLANG_WARN_STRICT_PROTOTYPES = YES;
				CLANG_WARN_SUSPICIOUS_MOVE = YES;
				CLANG_WARN_UNGUARDED_AVAILABILITY = YES_AGGRESSIVE;
				CLANG_WARN_UNREACHABLE_CODE = YES;
				CLANG_WARN__DUPLICATE_METHOD_MATCH = YES;
				CODE_SIGN_IDENTITY = "Mac Developer";
				COPY_PHASE_STRIP = NO;
				DEBUG_INFORMATION_FORMAT = dwarf;
				ENABLE_STRICT_OBJC_MSGSEND = YES;
				ENABLE_TESTABILITY = YES;
				GCC_C_LANGUAGE_STANDARD = gnu11;
				GCC_DYNAMIC_NO_PIC = NO;
				GCC_NO_COMMON_BLOCKS = YES;
				GCC_OPTIMIZATION_LEVEL = 0;
				GCC_PREPROCESSOR_DEFINITIONS = (
					"DEBUG=1",
					"$(inherited)",
				);
				GCC_WARN_64_TO_32_BIT_CONVERSION = YES;
				GCC_WARN_ABOUT_RETURN_TYPE = YES_ERROR;
				GCC_WARN_UNDECLARED_SELECTOR = YES;
				GCC_WARN_UNINITIALIZED_AUTOS = YES_AGGRESSIVE;
				GCC_WARN_UNUSED_FUNCTION = YES;
				GCC_WARN_UNUSED_VARIABLE = YES;
				MACOSX_DEPLOYMENT_TARGET = 10.14;
				MTL_ENABLE_DEBUG_INFO = INCLUDE_SOURCE;
				MTL_FAST_MATH = YES;
				ONLY_ACTIVE_ARCH = YES;
				SDKROOT = macosx;
				SWIFT_ACTIVE_COMPILATION_CONDITIONS = DEBUG;
				SWIFT_OPTIMIZATION_LEVEL = "-Onone";
			};
			name = Debug;
		};
		07B262CD23237D2D0093A6C7 /* Release */ = {
			isa = XCBuildConfiguration;
			buildSettings = {
				ALWAYS_SEARCH_USER_PATHS = NO;
				CLANG_ANALYZER_NONNULL = YES;
				CLANG_ANALYZER_NUMBER_OBJECT_CONVERSION = YES_AGGRESSIVE;
				CLANG_CXX_LANGUAGE_STANDARD = "gnu++14";
				CLANG_CXX_LIBRARY = "libc++";
				CLANG_ENABLE_MODULES = YES;
				CLANG_ENABLE_OBJC_ARC = YES;
				CLANG_ENABLE_OBJC_WEAK = YES;
				CLANG_WARN_BLOCK_CAPTURE_AUTORELEASING = YES;
				CLANG_WARN_BOOL_CONVERSION = YES;
				CLANG_WARN_COMMA = YES;
				CLANG_WARN_CONSTANT_CONVERSION = YES;
				CLANG_WARN_DEPRECATED_OBJC_IMPLEMENTATIONS = YES;
				CLANG_WARN_DIRECT_OBJC_ISA_USAGE = YES_ERROR;
				CLANG_WARN_DOCUMENTATION_COMMENTS = YES;
				CLANG_WARN_EMPTY_BODY = YES;
				CLANG_WARN_ENUM_CONVERSION = YES;
				CLANG_WARN_INFINITE_RECURSION = YES;
				CLANG_WARN_INT_CONVERSION = YES;
				CLANG_WARN_NON_LITERAL_NULL_CONVERSION = YES;
				CLANG_WARN_OBJC_IMPLICIT_RETAIN_SELF = YES;
				CLANG_WARN_OBJC_LITERAL_CONVERSION = YES;
				CLANG_WARN_OBJC_ROOT_CLASS = YES_ERROR;
				CLANG_WARN_RANGE_LOOP_ANALYSIS = YES;
				CLANG_WARN_STRICT_PROTOTYPES = YES;
				CLANG_WARN_SUSPICIOUS_MOVE = YES;
				CLANG_WARN_UNGUARDED_AVAILABILITY = YES_AGGRESSIVE;
				CLANG_WARN_UNREACHABLE_CODE = YES;
				CLANG_WARN__DUPLICATE_METHOD_MATCH = YES;
				CODE_SIGN_IDENTITY = "Mac Developer";
				COPY_PHASE_STRIP = NO;
				DEBUG_INFORMATION_FORMAT = "dwarf-with-dsym";
				ENABLE_NS_ASSERTIONS = NO;
				ENABLE_STRICT_OBJC_MSGSEND = YES;
				GCC_C_LANGUAGE_STANDARD = gnu11;
				GCC_NO_COMMON_BLOCKS = YES;
				GCC_WARN_64_TO_32_BIT_CONVERSION = YES;
				GCC_WARN_ABOUT_RETURN_TYPE = YES_ERROR;
				GCC_WARN_UNDECLARED_SELECTOR = YES;
				GCC_WARN_UNINITIALIZED_AUTOS = YES_AGGRESSIVE;
				GCC_WARN_UNUSED_FUNCTION = YES;
				GCC_WARN_UNUSED_VARIABLE = YES;
				MACOSX_DEPLOYMENT_TARGET = 10.14;
				MTL_ENABLE_DEBUG_INFO = NO;
				MTL_FAST_MATH = YES;
				SDKROOT = macosx;
				SWIFT_COMPILATION_MODE = wholemodule;
				SWIFT_OPTIMIZATION_LEVEL = "-O";
			};
			name = Release;
		};
		07B262CF23237D2D0093A6C7 /* Debug */ = {
			isa = XCBuildConfiguration;
			baseConfigurationReference = 8C1E6D1F152F17E10829A89A /* Pods-chapter1.debug.xcconfig */;
			buildSettings = {
				ASSETCATALOG_COMPILER_APPICON_NAME = AppIcon;
				CODE_SIGN_ENTITLEMENTS = chapter1/chapter1.entitlements;
				CODE_SIGN_IDENTITY = "-";
				CODE_SIGN_STYLE = Automatic;
				COMBINE_HIDPI_IMAGES = YES;
				DEVELOPMENT_TEAM = 5FP33J8924;
				INFOPLIST_FILE = chapter1/Info.plist;
				LD_RUNPATH_SEARCH_PATHS = (
					"$(inherited)",
					"@executable_path/../Frameworks",
				);
				PRODUCT_BUNDLE_IDENTIFIER = "monk-studio.com.chapter1";
				PRODUCT_NAME = "$(TARGET_NAME)";
				SWIFT_VERSION = 5.0;
			};
			name = Debug;
		};
		07B262D023237D2D0093A6C7 /* Release */ = {
			isa = XCBuildConfiguration;
			baseConfigurationReference = ECC655AF76B0ED0756ADBA41 /* Pods-chapter1.release.xcconfig */;
			buildSettings = {
				ASSETCATALOG_COMPILER_APPICON_NAME = AppIcon;
				CODE_SIGN_ENTITLEMENTS = chapter1/chapter1.entitlements;
				CODE_SIGN_IDENTITY = "-";
				CODE_SIGN_STYLE = Automatic;
				COMBINE_HIDPI_IMAGES = YES;
				DEVELOPMENT_TEAM = 5FP33J8924;
				INFOPLIST_FILE = chapter1/Info.plist;
				LD_RUNPATH_SEARCH_PATHS = (
					"$(inherited)",
					"@executable_path/../Frameworks",
				);
				PRODUCT_BUNDLE_IDENTIFIER = "monk-studio.com.chapter1";
				PRODUCT_NAME = "$(TARGET_NAME)";
				SWIFT_VERSION = 5.0;
			};
			name = Release;
		};
/* End XCBuildConfiguration section */

/* Begin XCConfigurationList section */
		07B262BB23237D2B0093A6C7 /* Build configuration list for PBXProject "chapter1" */ = {
			isa = XCConfigurationList;
			buildConfigurations = (
				07B262CC23237D2D0093A6C7 /* Debug */,
				07B262CD23237D2D0093A6C7 /* Release */,
			);
			defaultConfigurationIsVisible = 0;
			defaultConfigurationName = Release;
		};
		07B262CE23237D2D0093A6C7 /* Build configuration list for PBXNativeTarget "chapter1" */ = {
			isa = XCConfigurationList;
			buildConfigurations = (
				07B262CF23237D2D0093A6C7 /* Debug */,
				07B262D023237D2D0093A6C7 /* Release */,
			);
			defaultConfigurationIsVisible = 0;
			defaultConfigurationName = Release;
		};
/* End XCConfigurationList section */
	};
	rootObject = 07B262B823237D2B0093A6C7 /* Project object */;
}
